// !$*UTF8*$!
{
	archiveVersion = 1;
	classes = {
	};
	objectVersion = 46;
	objects = {

/* Begin PBXBuildFile section */
		D5B373D41AD4593200B73147 /* AppDelegate.swift in Sources */ = {isa = PBXBuildFile; fileRef = D5B373D31AD4593200B73147 /* AppDelegate.swift */; };
		D5B373D61AD4593200B73147 /* ViewController.swift in Sources */ = {isa = PBXBuildFile; fileRef = D5B373D51AD4593200B73147 /* ViewController.swift */; };
		D5B373D91AD4593200B73147 /* Main.storyboard in Resources */ = {isa = PBXBuildFile; fileRef = D5B373D71AD4593200B73147 /* Main.storyboard */; };
		D5B373DB1AD4593200B73147 /* Images.xcassets in Resources */ = {isa = PBXBuildFile; fileRef = D5B373DA1AD4593200B73147 /* Images.xcassets */; };
		D5B373DE1AD4593200B73147 /* LaunchScreen.xib in Resources */ = {isa = PBXBuildFile; fileRef = D5B373DC1AD4593200B73147 /* LaunchScreen.xib */; };
		D5B373EA1AD4593200B73147 /* OOTests.swift in Sources */ = {isa = PBXBuildFile; fileRef = D5B373E91AD4593200B73147 /* OOTests.swift */; };
/* End PBXBuildFile section */

/* Begin PBXContainerItemProxy section */
		D5B373E41AD4593200B73147 /* PBXContainerItemProxy */ = {
			isa = PBXContainerItemProxy;
			containerPortal = D5B373C61AD4593200B73147 /* Project object */;
			proxyType = 1;
			remoteGlobalIDString = D5B373CD1AD4593200B73147;
			remoteInfo = OO;
		};
/* End PBXContainerItemProxy section */

/* Begin PBXFileReference section */
		D5B373CE1AD4593200B73147 /* OO.app */ = {isa = PBXFileReference; explicitFileType = wrapper.application; includeInIndex = 0; path = OO.app; sourceTree = BUILT_PRODUCTS_DIR; };
		D5B373D21AD4593200B73147 /* Info.plist */ = {isa = PBXFileReference; lastKnownFileType = text.plist.xml; path = Info.plist; sourceTree = "<group>"; };
		D5B373D31AD4593200B73147 /* AppDelegate.swift */ = {isa = PBXFileReference; lastKnownFileType = sourcecode.swift; path = AppDelegate.swift; sourceTree = "<group>"; };
		D5B373D51AD4593200B73147 /* ViewController.swift */ = {isa = PBXFileReference; lastKnownFileType = sourcecode.swift; path = ViewController.swift; sourceTree = "<group>"; };
		D5B373D81AD4593200B73147 /* Base */ = {isa = PBXFileReference; lastKnownFileType = file.storyboard; name = Base; path = Base.lproj/Main.storyboard; sourceTree = "<group>"; };
		D5B373DA1AD4593200B73147 /* Images.xcassets */ = {isa = PBXFileReference; lastKnownFileType = folder.assetcatalog; path = Images.xcassets; sourceTree = "<group>"; };
		D5B373DD1AD4593200B73147 /* Base */ = {isa = PBXFileReference; lastKnownFileType = file.xib; name = Base; path = Base.lproj/LaunchScreen.xib; sourceTree = "<group>"; };
		D5B373E31AD4593200B73147 /* OOTests.xctest */ = {isa = PBXFileReference; explicitFileType = wrapper.cfbundle; includeInIndex = 0; path = OOTests.xctest; sourceTree = BUILT_PRODUCTS_DIR; };
		D5B373E81AD4593200B73147 /* Info.plist */ = {isa = PBXFileReference; lastKnownFileType = text.plist.xml; path = Info.plist; sourceTree = "<group>"; };
		D5B373E91AD4593200B73147 /* OOTests.swift */ = {isa = PBXFileReference; lastKnownFileType = sourcecode.swift; path = OOTests.swift; sourceTree = "<group>"; };
/* End PBXFileReference section */

/* Begin PBXFrameworksBuildPhase section */
		D5B373CB1AD4593200B73147 /* Frameworks */ = {
			isa = PBXFrameworksBuildPhase;
			buildActionMask = 2147483647;
			files = (
			);
			runOnlyForDeploymentPostprocessing = 0;
		};
		D5B373E01AD4593200B73147 /* Frameworks */ = {
			isa = PBXFrameworksBuildPhase;
			buildActionMask = 2147483647;
			files = (
			);
			runOnlyForDeploymentPostprocessing = 0;
		};
/* End PBXFrameworksBuildPhase section */

/* Begin PBXGroup section */
		D5B373C51AD4593200B73147 = {
			isa = PBXGroup;
			children = (
				D5B373D01AD4593200B73147 /* OO */,
				D5B373E61AD4593200B73147 /* OOTests */,
				D5B373CF1AD4593200B73147 /* Products */,
			);
			sourceTree = "<group>";
		};
		D5B373CF1AD4593200B73147 /* Products */ = {
			isa = PBXGroup;
			children = (
				D5B373CE1AD4593200B73147 /* OO.app */,
				D5B373E31AD4593200B73147 /* OOTests.xctest */,
			);
			name = Products;
			sourceTree = "<group>";
		};
		D5B373D01AD4593200B73147 /* OO */ = {
			isa = PBXGroup;
			children = (
				D5B373D31AD4593200B73147 /* AppDelegate.swift */,
				D5B373D51AD4593200B73147 /* ViewController.swift */,
				D5B373D71AD4593200B73147 /* Main.storyboard */,
				D5B373DA1AD4593200B73147 /* Images.xcassets */,
				D5B373DC1AD4593200B73147 /* LaunchScreen.xib */,
				D5B373D11AD4593200B73147 /* Supporting Files */,
			);
			path = OO;
			sourceTree = "<group>";
		};
		D5B373D11AD4593200B73147 /* Supporting Files */ = {
			isa = PBXGroup;
			children = (
				D5B373D21AD4593200B73147 /* Info.plist */,
			);
			name = "Supporting Files";
			sourceTree = "<group>";
		};
		D5B373E61AD4593200B73147 /* OOTests */ = {
			isa = PBXGroup;
			children = (
				D5B373E91AD4593200B73147 /* OOTests.swift */,
				D5B373E71AD4593200B73147 /* Supporting Files */,
			);
			path = OOTests;
			sourceTree = "<group>";
		};
		D5B373E71AD4593200B73147 /* Supporting Files */ = {
			isa = PBXGroup;
			children = (
				D5B373E81AD4593200B73147 /* Info.plist */,
			);
			name = "Supporting Files";
			sourceTree = "<group>";
		};
/* End PBXGroup section */

/* Begin PBXNativeTarget section */
		D5B373CD1AD4593200B73147 /* OO */ = {
			isa = PBXNativeTarget;
			buildConfigurationList = D5B373ED1AD4593200B73147 /* Build configuration list for PBXNativeTarget "OO" */;
			buildPhases = (
				D5B373CA1AD4593200B73147 /* Sources */,
				D5B373CB1AD4593200B73147 /* Frameworks */,
				D5B373CC1AD4593200B73147 /* Resources */,
			);
			buildRules = (
			);
			dependencies = (
			);
			name = OO;
			productName = OO;
			productReference = D5B373CE1AD4593200B73147 /* OO.app */;
			productType = "com.apple.product-type.application";
		};
		D5B373E21AD4593200B73147 /* OOTests */ = {
			isa = PBXNativeTarget;
			buildConfigurationList = D5B373F01AD4593200B73147 /* Build configuration list for PBXNativeTarget "OOTests" */;
			buildPhases = (
				D5B373DF1AD4593200B73147 /* Sources */,
				D5B373E01AD4593200B73147 /* Frameworks */,
				D5B373E11AD4593200B73147 /* Resources */,
			);
			buildRules = (
			);
			dependencies = (
				D5B373E51AD4593200B73147 /* PBXTargetDependency */,
			);
			name = OOTests;
			productName = OOTests;
			productReference = D5B373E31AD4593200B73147 /* OOTests.xctest */;
			productType = "com.apple.product-type.bundle.unit-test";
		};
/* End PBXNativeTarget section */

/* Begin PBXProject section */
		D5B373C61AD4593200B73147 /* Project object */ = {
			isa = PBXProject;
			attributes = {
				LastUpgradeCheck = 0620;
				ORGANIZATIONNAME = "Henrique Santos";
				TargetAttributes = {
					D5B373CD1AD4593200B73147 = {
						CreatedOnToolsVersion = 6.2;
					};
					D5B373E21AD4593200B73147 = {
						CreatedOnToolsVersion = 6.2;
						TestTargetID = D5B373CD1AD4593200B73147;
					};
				};
			};
			buildConfigurationList = D5B373C91AD4593200B73147 /* Build configuration list for PBXProject "OO" */;
			compatibilityVersion = "Xcode 3.2";
			developmentRegion = English;
			hasScannedForEncodings = 0;
			knownRegions = (
				en,
				Base,
			);
			mainGroup = D5B373C51AD4593200B73147;
			productRefGroup = D5B373CF1AD4593200B73147 /* Products */;
			projectDirPath = "";
			projectRoot = "";
			targets = (
				D5B373CD1AD4593200B73147 /* OO */,
				D5B373E21AD4593200B73147 /* OOTests */,
			);
		};
/* End PBXProject section */

/* Begin PBXResourcesBuildPhase section */
		D5B373CC1AD4593200B73147 /* Resources */ = {
			isa = PBXResourcesBuildPhase;
			buildActionMask = 2147483647;
			files = (
				D5B373D91AD4593200B73147 /* Main.storyboard in Resources */,
				D5B373DE1AD4593200B73147 /* LaunchScreen.xib in Resources */,
				D5B373DB1AD4593200B73147 /* Images.xcassets in Resources */,
			);
			runOnlyForDeploymentPostprocessing = 0;
		};
		D5B373E11AD4593200B73147 /* Resources */ = {
			isa = PBXResourcesBuildPhase;
			buildActionMask = 2147483647;
			files = (
			);
			runOnlyForDeploymentPostprocessing = 0;
		};
/* End PBXResourcesBuildPhase section */

/* Begin PBXSourcesBuildPhase section */
		D5B373CA1AD4593200B73147 /* Sources */ = {
			isa = PBXSourcesBuildPhase;
			buildActionMask = 2147483647;
			files = (
				D5B373D61AD4593200B73147 /* ViewController.swift in Sources */,
				D5B373D41AD4593200B73147 /* AppDelegate.swift in Sources */,
			);
			runOnlyForDeploymentPostprocessing = 0;
		};
		D5B373DF1AD4593200B73147 /* Sources */ = {
			isa = PBXSourcesBuildPhase;
			buildActionMask = 2147483647;
			files = (
				D5B373EA1AD4593200B73147 /* OOTests.swift in Sources */,
			);
			runOnlyForDeploymentPostprocessing = 0;
		};
/* End PBXSourcesBuildPhase section */

/* Begin PBXTargetDependency section */
		D5B373E51AD4593200B73147 /* PBXTargetDependency */ = {
			isa = PBXTargetDependency;
			target = D5B373CD1AD4593200B73147 /* OO */;
			targetProxy = D5B373E41AD4593200B73147 /* PBXContainerItemProxy */;
		};
/* End PBXTargetDependency section */

/* Begin PBXVariantGroup section */
		D5B373D71AD4593200B73147 /* Main.storyboard */ = {
			isa = PBXVariantGroup;
			children = (
				D5B373D81AD4593200B73147 /* Base */,
			);
			name = Main.storyboard;
			sourceTree = "<group>";
		};
		D5B373DC1AD4593200B73147 /* LaunchScreen.xib */ = {
			isa = PBXVariantGroup;
			children = (
				D5B373DD1AD4593200B73147 /* Base */,
			);
			name = LaunchScreen.xib;
			sourceTree = "<group>";
		};
/* End PBXVariantGroup section */

/* Begin XCBuildConfiguration section */
		D5B373EB1AD4593200B73147 /* Debug */ = {
			isa = XCBuildConfiguration;
			buildSettings = {
				ALWAYS_SEARCH_USER_PATHS = NO;
				CLANG_CXX_LANGUAGE_STANDARD = "gnu++0x";
				CLANG_CXX_LIBRARY = "libc++";
				CLANG_ENABLE_MODULES = YES;
				CLANG_ENABLE_OBJC_ARC = YES;
				CLANG_WARN_BOOL_CONVERSION = YES;
				CLANG_WARN_CONSTANT_CONVERSION = YES;
				CLANG_WARN_DIRECT_OBJC_ISA_USAGE = YES_ERROR;
				CLANG_WARN_EMPTY_BODY = YES;
				CLANG_WARN_ENUM_CONVERSION = YES;
				CLANG_WARN_INT_CONVERSION = YES;
				CLANG_WARN_OBJC_ROOT_CLASS = YES_ERROR;
				CLANG_WARN_UNREACHABLE_CODE = YES;
				CLANG_WARN__DUPLICATE_METHOD_MATCH = YES;
				"CODE_SIGN_IDENTITY[sdk=iphoneos*]" = "iPhone Developer";
				COPY_PHASE_STRIP = NO;
				ENABLE_STRICT_OBJC_MSGSEND = YES;
				GCC_C_LANGUAGE_STANDARD = gnu99;
				GCC_DYNAMIC_NO_PIC = NO;
				GCC_OPTIMIZATION_LEVEL = 0;
				GCC_PREPROCESSOR_DEFINITIONS = (
					"DEBUG=1",
					"$(inherited)",
				);
				GCC_SYMBOLS_PRIVATE_EXTERN = NO;
				GCC_WARN_64_TO_32_BIT_CONVERSION = YES;
				GCC_WARN_ABOUT_RETURN_TYPE = YES_ERROR;
				GCC_WARN_UNDECLARED_SELECTOR = YES;
				GCC_WARN_UNINITIALIZED_AUTOS = YES_AGGRESSIVE;
				GCC_WARN_UNUSED_FUNCTION = YES;
				GCC_WARN_UNUSED_VARIABLE = YES;
				IPHONEOS_DEPLOYMENT_TARGET = 8.2;
				MTL_ENABLE_DEBUG_INFO = YES;
				ONLY_ACTIVE_ARCH = YES;
				SDKROOT = iphoneos;
				SWIFT_OPTIMIZATION_LEVEL = "-Onone";
				TARGETED_DEVICE_FAMILY = "1,2";
			};
			name = Debug;
		};
		D5B373EC1AD4593200B73147 /* Release */ = {
			isa = XCBuildConfiguration;
			buildSettings = {
				ALWAYS_SEARCH_USER_PATHS = NO;
				CLANG_CXX_LANGUAGE_STANDARD = "gnu++0x";
				CLANG_CXX_LIBRARY = "libc++";
				CLANG_ENABLE_MODULES = YES;
				CLANG_ENABLE_OBJC_ARC = YES;
				CLANG_WARN_BOOL_CONVERSION = YES;
				CLANG_WARN_CONSTANT_CONVERSION = YES;
				CLANG_WARN_DIRECT_OBJC_ISA_USAGE = YES_ERROR;
				CLANG_WARN_EMPTY_BODY = YES;
				CLANG_WARN_ENUM_CONVERSION = YES;
				CLANG_WARN_INT_CONVERSION = YES;
				CLANG_WARN_OBJC_ROOT_CLASS = YES_ERROR;
				CLANG_WARN_UNREACHABLE_CODE = YES;
				CLANG_WARN__DUPLICATE_METHOD_MATCH = YES;
				"CODE_SIGN_IDENTITY[sdk=iphoneos*]" = "iPhone Developer";
				COPY_PHASE_STRIP = NO;
				ENABLE_NS_ASSERTIONS = NO;
				ENABLE_STRICT_OBJC_MSGSEND = YES;
				GCC_C_LANGUAGE_STANDARD = gnu99;
				GCC_WARN_64_TO_32_BIT_CONVERSION = YES;
				GCC_WARN_ABOUT_RETURN_TYPE = YES_ERROR;
				GCC_WARN_UNDECLARED_SELECTOR = YES;
				GCC_WARN_UNINITIALIZED_AUTOS = YES_AGGRESSIVE;
				GCC_WARN_UNUSED_FUNCTION = YES;
				GCC_WARN_UNUSED_VARIABLE = YES;
				IPHONEOS_DEPLOYMENT_TARGET = 8.2;
				MTL_ENABLE_DEBUG_INFO = NO;
				SDKROOT = iphoneos;
				TARGETED_DEVICE_FAMILY = "1,2";
				VALIDATE_PRODUCT = YES;
			};
			name = Release;
		};
		D5B373EE1AD4593200B73147 /* Debug */ = {
			isa = XCBuildConfiguration;
			buildSettings = {
				ASSETCATALOG_COMPILER_APPICON_NAME = AppIcon;
				INFOPLIST_FILE = OO/Info.plist;
				LD_RUNPATH_SEARCH_PATHS = "$(inherited) @executable_path/Frameworks";
				PRODUCT_NAME = "$(TARGET_NAME)";
			};
			name = Debug;
		};
		D5B373EF1AD4593200B73147 /* Release */ = {
			isa = XCBuildConfiguration;
			buildSettings = {
				ASSETCATALOG_COMPILER_APPICON_NAME = AppIcon;
				INFOPLIST_FILE = OO/Info.plist;
				LD_RUNPATH_SEARCH_PATHS = "$(inherited) @executable_path/Frameworks";
				PRODUCT_NAME = "$(TARGET_NAME)";
			};
			name = Release;
		};
		D5B373F11AD4593200B73147 /* Debug */ = {
			isa = XCBuildConfiguration;
			buildSettings = {
				BUNDLE_LOADER = "$(TEST_HOST)";
				FRAMEWORK_SEARCH_PATHS = (
					"$(SDKROOT)/Developer/Library/Frameworks",
					"$(inherited)",
				);
				GCC_PREPROCESSOR_DEFINITIONS = (
					"DEBUG=1",
					"$(inherited)",
				);
				INFOPLIST_FILE = OOTests/Info.plist;
				LD_RUNPATH_SEARCH_PATHS = "$(inherited) @executable_path/Frameworks @loader_path/Frameworks";
				PRODUCT_NAME = "$(TARGET_NAME)";
				TEST_HOST = "$(BUILT_PRODUCTS_DIR)/OO.app/OO";
			};
			name = Debug;
		};
		D5B373F21AD4593200B73147 /* Release */ = {
			isa = XCBuildConfiguration;
			buildSettings = {
				BUNDLE_LOADER = "$(TEST_HOST)";
				FRAMEWORK_SEARCH_PATHS = (
					"$(SDKROOT)/Developer/Library/Frameworks",
					"$(inherited)",
				);
				INFOPLIST_FILE = OOTests/Info.plist;
				LD_RUNPATH_SEARCH_PATHS = "$(inherited) @executable_path/Frameworks @loader_path/Frameworks";
				PRODUCT_NAME = "$(TARGET_NAME)";
				TEST_HOST = "$(BUILT_PRODUCTS_DIR)/OO.app/OO";
			};
			name = Release;
		};
/* End XCBuildConfiguration section */

/* Begin XCConfigurationList section */
		D5B373C91AD4593200B73147 /* Build configuration list for PBXProject "OO" */ = {
			isa = XCConfigurationList;
			buildConfigurations = (
				D5B373EB1AD4593200B73147 /* Debug */,
				D5B373EC1AD4593200B73147 /* Release */,
			);
			defaultConfigurationIsVisible = 0;
			defaultConfigurationName = Release;
		};
		D5B373ED1AD4593200B73147 /* Build configuration list for PBXNativeTarget "OO" */ = {
			isa = XCConfigurationList;
			buildConfigurations = (
				D5B373EE1AD4593200B73147 /* Debug */,
				D5B373EF1AD4593200B73147 /* Release */,
			);
			defaultConfigurationIsVisible = 0;
		};
		D5B373F01AD4593200B73147 /* Build configuration list for PBXNativeTarget "OOTests" */ = {
			isa = XCConfigurationList;
			buildConfigurations = (
				D5B373F11AD4593200B73147 /* Debug */,
				D5B373F21AD4593200B73147 /* Release */,
			);
			defaultConfigurationIsVisible = 0;
		};
/* End XCConfigurationList section */
	};
	rootObject = D5B373C61AD4593200B73147 /* Project object */;
}
