// !$*UTF8*$!
{
	archiveVersion = 1;
	classes = {
	};
	objectVersion = 46;
	objects = {

/* Begin PBXBuildFile section */
		D549B8141EBBE5C7007E1BFF /* AppDelegate.swift in Sources */ = {isa = PBXBuildFile; fileRef = D549B8131EBBE5C7007E1BFF /* AppDelegate.swift */; };
		D549B8161EBBE5C7007E1BFF /* ViewController.swift in Sources */ = {isa = PBXBuildFile; fileRef = D549B8151EBBE5C7007E1BFF /* ViewController.swift */; };
		D549B8191EBBE5C7007E1BFF /* Main.storyboard in Resources */ = {isa = PBXBuildFile; fileRef = D549B8171EBBE5C7007E1BFF /* Main.storyboard */; };
		D549B81B1EBBE5C7007E1BFF /* Assets.xcassets in Resources */ = {isa = PBXBuildFile; fileRef = D549B81A1EBBE5C7007E1BFF /* Assets.xcassets */; };
		D549B81E1EBBE5C7007E1BFF /* LaunchScreen.storyboard in Resources */ = {isa = PBXBuildFile; fileRef = D549B81C1EBBE5C7007E1BFF /* LaunchScreen.storyboard */; };
		D549B82B1EBBEAD2007E1BFF /* botaogerar-pressionado.png in Resources */ = {isa = PBXBuildFile; fileRef = D549B8281EBBEAD2007E1BFF /* botaogerar-pressionado.png */; };
		D549B82C1EBBEAD2007E1BFF /* botaogerar.png in Resources */ = {isa = PBXBuildFile; fileRef = D549B8291EBBEAD2007E1BFF /* botaogerar.png */; };
		D549B82D1EBBEAD2007E1BFF /* logo.png in Resources */ = {isa = PBXBuildFile; fileRef = D549B82A1EBBEAD2007E1BFF /* logo.png */; };
/* End PBXBuildFile section */

/* Begin PBXFileReference section */
		D549B8101EBBE5C7007E1BFF /* Sorteio de Números.app */ = {isa = PBXFileReference; explicitFileType = wrapper.application; includeInIndex = 0; path = "Sorteio de Números.app"; sourceTree = BUILT_PRODUCTS_DIR; };
		D549B8131EBBE5C7007E1BFF /* AppDelegate.swift */ = {isa = PBXFileReference; lastKnownFileType = sourcecode.swift; path = AppDelegate.swift; sourceTree = "<group>"; };
		D549B8151EBBE5C7007E1BFF /* ViewController.swift */ = {isa = PBXFileReference; lastKnownFileType = sourcecode.swift; path = ViewController.swift; sourceTree = "<group>"; };
		D549B8181EBBE5C7007E1BFF /* Base */ = {isa = PBXFileReference; lastKnownFileType = file.storyboard; name = Base; path = Base.lproj/Main.storyboard; sourceTree = "<group>"; };
		D549B81A1EBBE5C7007E1BFF /* Assets.xcassets */ = {isa = PBXFileReference; lastKnownFileType = folder.assetcatalog; path = Assets.xcassets; sourceTree = "<group>"; };
		D549B81D1EBBE5C7007E1BFF /* Base */ = {isa = PBXFileReference; lastKnownFileType = file.storyboard; name = Base; path = Base.lproj/LaunchScreen.storyboard; sourceTree = "<group>"; };
		D549B81F1EBBE5C7007E1BFF /* Info.plist */ = {isa = PBXFileReference; lastKnownFileType = text.plist.xml; path = Info.plist; sourceTree = "<group>"; };
		D549B8281EBBEAD2007E1BFF /* botaogerar-pressionado.png */ = {isa = PBXFileReference; lastKnownFileType = image.png; path = "botaogerar-pressionado.png"; sourceTree = "<group>"; };
		D549B8291EBBEAD2007E1BFF /* botaogerar.png */ = {isa = PBXFileReference; lastKnownFileType = image.png; path = botaogerar.png; sourceTree = "<group>"; };
		D549B82A1EBBEAD2007E1BFF /* logo.png */ = {isa = PBXFileReference; lastKnownFileType = image.png; path = logo.png; sourceTree = "<group>"; };
/* End PBXFileReference section */

/* Begin PBXFrameworksBuildPhase section */
		D549B80D1EBBE5C7007E1BFF /* Frameworks */ = {
			isa = PBXFrameworksBuildPhase;
			buildActionMask = 2147483647;
			files = (
			);
			runOnlyForDeploymentPostprocessing = 0;
		};
/* End PBXFrameworksBuildPhase section */

/* Begin PBXGroup section */
		D549B8071EBBE5C7007E1BFF = {
			isa = PBXGroup;
			children = (
				D549B8121EBBE5C7007E1BFF /* Sorteio de Números */,
				D549B8111EBBE5C7007E1BFF /* Products */,
				D549B8251EBBE5EE007E1BFF /* Frameworks */,
			);
			sourceTree = "<group>";
		};
		D549B8111EBBE5C7007E1BFF /* Products */ = {
			isa = PBXGroup;
			children = (
				D549B8101EBBE5C7007E1BFF /* Sorteio de Números.app */,
			);
			name = Products;
			sourceTree = "<group>";
		};
		D549B8121EBBE5C7007E1BFF /* Sorteio de Números */ = {
			isa = PBXGroup;
			children = (
				D549B8281EBBEAD2007E1BFF /* botaogerar-pressionado.png */,
				D549B8291EBBEAD2007E1BFF /* botaogerar.png */,
				D549B82A1EBBEAD2007E1BFF /* logo.png */,
				D549B8131EBBE5C7007E1BFF /* AppDelegate.swift */,
				D549B8151EBBE5C7007E1BFF /* ViewController.swift */,
				D549B8171EBBE5C7007E1BFF /* Main.storyboard */,
				D549B81A1EBBE5C7007E1BFF /* Assets.xcassets */,
				D549B81C1EBBE5C7007E1BFF /* LaunchScreen.storyboard */,
				D549B81F1EBBE5C7007E1BFF /* Info.plist */,
			);
			path = "Sorteio de Números";
			sourceTree = "<group>";
		};
		D549B8251EBBE5EE007E1BFF /* Frameworks */ = {
			isa = PBXGroup;
			children = (
			);
			name = Frameworks;
			sourceTree = "<group>";
		};
/* End PBXGroup section */

/* Begin PBXNativeTarget section */
		D549B80F1EBBE5C7007E1BFF /* Sorteio de Números */ = {
			isa = PBXNativeTarget;
			buildConfigurationList = D549B8221EBBE5C7007E1BFF /* Build configuration list for PBXNativeTarget "Sorteio de Números" */;
			buildPhases = (
				D549B80C1EBBE5C7007E1BFF /* Sources */,
				D549B80D1EBBE5C7007E1BFF /* Frameworks */,
				D549B80E1EBBE5C7007E1BFF /* Resources */,
			);
			buildRules = (
			);
			dependencies = (
			);
			name = "Sorteio de Números";
			productName = "Sorteio de Números";
			productReference = D549B8101EBBE5C7007E1BFF /* Sorteio de Números.app */;
			productType = "com.apple.product-type.application";
		};
/* End PBXNativeTarget section */

/* Begin PBXProject section */
		D549B8081EBBE5C7007E1BFF /* Project object */ = {
			isa = PBXProject;
			attributes = {
				LastSwiftUpdateCheck = 0830;
				LastUpgradeCheck = 0830;
				ORGANIZATIONNAME = "Henrique Santos";
				TargetAttributes = {
					D549B80F1EBBE5C7007E1BFF = {
						CreatedOnToolsVersion = 8.3.2;
						DevelopmentTeam = PQTKTLP497;
						ProvisioningStyle = Automatic;
						SystemCapabilities = {
							com.apple.Maps.iOS = {
								enabled = 0;
							};
						};
					};
				};
			};
			buildConfigurationList = D549B80B1EBBE5C7007E1BFF /* Build configuration list for PBXProject "Sorteio de Números" */;
			compatibilityVersion = "Xcode 3.2";
			developmentRegion = English;
			hasScannedForEncodings = 0;
			knownRegions = (
				en,
				Base,
			);
			mainGroup = D549B8071EBBE5C7007E1BFF;
			productRefGroup = D549B8111EBBE5C7007E1BFF /* Products */;
			projectDirPath = "";
			projectRoot = "";
			targets = (
				D549B80F1EBBE5C7007E1BFF /* Sorteio de Números */,
			);
		};
/* End PBXProject section */

/* Begin PBXResourcesBuildPhase section */
		D549B80E1EBBE5C7007E1BFF /* Resources */ = {
			isa = PBXResourcesBuildPhase;
			buildActionMask = 2147483647;
			files = (
				D549B81E1EBBE5C7007E1BFF /* LaunchScreen.storyboard in Resources */,
				D549B81B1EBBE5C7007E1BFF /* Assets.xcassets in Resources */,
				D549B82D1EBBEAD2007E1BFF /* logo.png in Resources */,
				D549B82C1EBBEAD2007E1BFF /* botaogerar.png in Resources */,
				D549B8191EBBE5C7007E1BFF /* Main.storyboard in Resources */,
				D549B82B1EBBEAD2007E1BFF /* botaogerar-pressionado.png in Resources */,
			);
			runOnlyForDeploymentPostprocessing = 0;
		};
/* End PBXResourcesBuildPhase section */

/* Begin PBXSourcesBuildPhase section */
		D549B80C1EBBE5C7007E1BFF /* Sources */ = {
			isa = PBXSourcesBuildPhase;
			buildActionMask = 2147483647;
			files = (
				D549B8161EBBE5C7007E1BFF /* ViewController.swift in Sources */,
				D549B8141EBBE5C7007E1BFF /* AppDelegate.swift in Sources */,
			);
			runOnlyForDeploymentPostprocessing = 0;
		};
/* End PBXSourcesBuildPhase section */

/* Begin PBXVariantGroup section */
		D549B8171EBBE5C7007E1BFF /* Main.storyboard */ = {
			isa = PBXVariantGroup;
			children = (
				D549B8181EBBE5C7007E1BFF /* Base */,
			);
			name = Main.storyboard;
			sourceTree = "<group>";
		};
		D549B81C1EBBE5C7007E1BFF /* LaunchScreen.storyboard */ = {
			isa = PBXVariantGroup;
			children = (
				D549B81D1EBBE5C7007E1BFF /* Base */,
			);
			name = LaunchScreen.storyboard;
			sourceTree = "<group>";
		};
/* End PBXVariantGroup section */

/* Begin XCBuildConfiguration section */
		D549B8201EBBE5C7007E1BFF /* Debug */ = {
			isa = XCBuildConfiguration;
			buildSettings = {
				ALWAYS_SEARCH_USER_PATHS = NO;
				CLANG_ANALYZER_NONNULL = YES;
				CLANG_ANALYZER_NUMBER_OBJECT_CONVERSION = YES_AGGRESSIVE;
				CLANG_CXX_LANGUAGE_STANDARD = "gnu++0x";
				CLANG_CXX_LIBRARY = "libc++";
				CLANG_ENABLE_MODULES = YES;
				CLANG_ENABLE_OBJC_ARC = YES;
				CLANG_WARN_BOOL_CONVERSION = YES;
				CLANG_WARN_CONSTANT_CONVERSION = YES;
				CLANG_WARN_DIRECT_OBJC_ISA_USAGE = YES_ERROR;
				CLANG_WARN_DOCUMENTATION_COMMENTS = YES;
				CLANG_WARN_EMPTY_BODY = YES;
				CLANG_WARN_ENUM_CONVERSION = YES;
				CLANG_WARN_INFINITE_RECURSION = YES;
				CLANG_WARN_INT_CONVERSION = YES;
				CLANG_WARN_OBJC_ROOT_CLASS = YES_ERROR;
				CLANG_WARN_SUSPICIOUS_MOVE = YES;
				CLANG_WARN_UNREACHABLE_CODE = YES;
				CLANG_WARN__DUPLICATE_METHOD_MATCH = YES;
				"CODE_SIGN_IDENTITY[sdk=iphoneos*]" = "iPhone Developer";
				COPY_PHASE_STRIP = NO;
				DEBUG_INFORMATION_FORMAT = dwarf;
				ENABLE_STRICT_OBJC_MSGSEND = YES;
				ENABLE_TESTABILITY = YES;
				GCC_C_LANGUAGE_STANDARD = gnu99;
				GCC_DYNAMIC_NO_PIC = NO;
				GCC_NO_COMMON_BLOCKS = YES;
				GCC_OPTIMIZATION_LEVEL = 0;
				GCC_PREPROCESSOR_DEFINITIONS = (
					"DEBUG=1",
					"$(inherited)",
				);
				GCC_WARN_64_TO_32_BIT_CONVERSION = YES;
				GCC_WARN_ABOUT_RETURN_TYPE = YES_ERROR;
				GCC_WARN_UNDECLARED_SELECTOR = YES;
				GCC_WARN_UNINITIALIZED_AUTOS = YES_AGGRESSIVE;
				GCC_WARN_UNUSED_FUNCTION = YES;
				GCC_WARN_UNUSED_VARIABLE = YES;
				IPHONEOS_DEPLOYMENT_TARGET = 10.3;
				MTL_ENABLE_DEBUG_INFO = YES;
				ONLY_ACTIVE_ARCH = YES;
				SDKROOT = iphoneos;
				SWIFT_ACTIVE_COMPILATION_CONDITIONS = DEBUG;
				SWIFT_OPTIMIZATION_LEVEL = "-Onone";
			};
			name = Debug;
		};
		D549B8211EBBE5C7007E1BFF /* Release */ = {
			isa = XCBuildConfiguration;
			buildSettings = {
				ALWAYS_SEARCH_USER_PATHS = NO;
				CLANG_ANALYZER_NONNULL = YES;
				CLANG_ANALYZER_NUMBER_OBJECT_CONVERSION = YES_AGGRESSIVE;
				CLANG_CXX_LANGUAGE_STANDARD = "gnu++0x";
				CLANG_CXX_LIBRARY = "libc++";
				CLANG_ENABLE_MODULES = YES;
				CLANG_ENABLE_OBJC_ARC = YES;
				CLANG_WARN_BOOL_CONVERSION = YES;
				CLANG_WARN_CONSTANT_CONVERSION = YES;
				CLANG_WARN_DIRECT_OBJC_ISA_USAGE = YES_ERROR;
				CLANG_WARN_DOCUMENTATION_COMMENTS = YES;
				CLANG_WARN_EMPTY_BODY = YES;
				CLANG_WARN_ENUM_CONVERSION = YES;
				CLANG_WARN_INFINITE_RECURSION = YES;
				CLANG_WARN_INT_CONVERSION = YES;
				CLANG_WARN_OBJC_ROOT_CLASS = YES_ERROR;
				CLANG_WARN_SUSPICIOUS_MOVE = YES;
				CLANG_WARN_UNREACHABLE_CODE = YES;
				CLANG_WARN__DUPLICATE_METHOD_MATCH = YES;
				"CODE_SIGN_IDENTITY[sdk=iphoneos*]" = "iPhone Developer";
				COPY_PHASE_STRIP = NO;
				DEBUG_INFORMATION_FORMAT = "dwarf-with-dsym";
				ENABLE_NS_ASSERTIONS = NO;
				ENABLE_STRICT_OBJC_MSGSEND = YES;
				GCC_C_LANGUAGE_STANDARD = gnu99;
				GCC_NO_COMMON_BLOCKS = YES;
				GCC_WARN_64_TO_32_BIT_CONVERSION = YES;
				GCC_WARN_ABOUT_RETURN_TYPE = YES_ERROR;
				GCC_WARN_UNDECLARED_SELECTOR = YES;
				GCC_WARN_UNINITIALIZED_AUTOS = YES_AGGRESSIVE;
				GCC_WARN_UNUSED_FUNCTION = YES;
				GCC_WARN_UNUSED_VARIABLE = YES;
				IPHONEOS_DEPLOYMENT_TARGET = 10.3;
				MTL_ENABLE_DEBUG_INFO = NO;
				SDKROOT = iphoneos;
				SWIFT_OPTIMIZATION_LEVEL = "-Owholemodule";
				VALIDATE_PRODUCT = YES;
			};
			name = Release;
		};
		D549B8231EBBE5C7007E1BFF /* Debug */ = {
			isa = XCBuildConfiguration;
			buildSettings = {
				ASSETCATALOG_COMPILER_APPICON_NAME = AppIcon;
				DEVELOPMENT_TEAM = PQTKTLP497;
				INFOPLIST_FILE = "Sorteio de Números/Info.plist";
				LD_RUNPATH_SEARCH_PATHS = "$(inherited) @executable_path/Frameworks";
				PRODUCT_BUNDLE_IDENTIFIER = "br.com.d3sys.Sorteio-de-Nu-meros";
				PRODUCT_NAME = "$(TARGET_NAME)";
				SWIFT_VERSION = 3.0;
			};
			name = Debug;
		};
		D549B8241EBBE5C7007E1BFF /* Release */ = {
			isa = XCBuildConfiguration;
			buildSettings = {
				ASSETCATALOG_COMPILER_APPICON_NAME = AppIcon;
				DEVELOPMENT_TEAM = PQTKTLP497;
				INFOPLIST_FILE = "Sorteio de Números/Info.plist";
				LD_RUNPATH_SEARCH_PATHS = "$(inherited) @executable_path/Frameworks";
				PRODUCT_BUNDLE_IDENTIFIER = "br.com.d3sys.Sorteio-de-Nu-meros";
				PRODUCT_NAME = "$(TARGET_NAME)";
				SWIFT_VERSION = 3.0;
			};
			name = Release;
		};
/* End XCBuildConfiguration section */

/* Begin XCConfigurationList section */
		D549B80B1EBBE5C7007E1BFF /* Build configuration list for PBXProject "Sorteio de Números" */ = {
			isa = XCConfigurationList;
			buildConfigurations = (
				D549B8201EBBE5C7007E1BFF /* Debug */,
				D549B8211EBBE5C7007E1BFF /* Release */,
			);
			defaultConfigurationIsVisible = 0;
			defaultConfigurationName = Release;
		};
		D549B8221EBBE5C7007E1BFF /* Build configuration list for PBXNativeTarget "Sorteio de Números" */ = {
			isa = XCConfigurationList;
			buildConfigurations = (
				D549B8231EBBE5C7007E1BFF /* Debug */,
				D549B8241EBBE5C7007E1BFF /* Release */,
			);
			defaultConfigurationIsVisible = 0;
		};
/* End XCConfigurationList section */
	};
	rootObject = D549B8081EBBE5C7007E1BFF /* Project object */;
}
