// !$*UTF8*$!
{
	archiveVersion = 1;
	classes = {
	};
	objectVersion = 46;
	objects = {

/* Begin PBXBuildFile section */
		D5B43F0E1A97F0F900C5EE33 /* AppDelegate.swift in Sources */ = {isa = PBXBuildFile; fileRef = D5B43F0D1A97F0F900C5EE33 /* AppDelegate.swift */; };
		D5B43F101A97F0F900C5EE33 /* ViewController.swift in Sources */ = {isa = PBXBuildFile; fileRef = D5B43F0F1A97F0F900C5EE33 /* ViewController.swift */; };
		D5B43F131A97F0F900C5EE33 /* Main.storyboard in Resources */ = {isa = PBXBuildFile; fileRef = D5B43F111A97F0F900C5EE33 /* Main.storyboard */; };
		D5B43F151A97F0F900C5EE33 /* Images.xcassets in Resources */ = {isa = PBXBuildFile; fileRef = D5B43F141A97F0F900C5EE33 /* Images.xcassets */; };
		D5B43F181A97F0F900C5EE33 /* LaunchScreen.xib in Resources */ = {isa = PBXBuildFile; fileRef = D5B43F161A97F0F900C5EE33 /* LaunchScreen.xib */; };
		D5B43F241A97F0F900C5EE33 /* PrincipioEmSwiftTests.swift in Sources */ = {isa = PBXBuildFile; fileRef = D5B43F231A97F0F900C5EE33 /* PrincipioEmSwiftTests.swift */; };
		D5B43F301A9856DF00C5EE33 /* FuncExercicio4.swift in Sources */ = {isa = PBXBuildFile; fileRef = D5B43F2F1A9856DF00C5EE33 /* FuncExercicio4.swift */; };
/* End PBXBuildFile section */

/* Begin PBXContainerItemProxy section */
		D5B43F1E1A97F0F900C5EE33 /* PBXContainerItemProxy */ = {
			isa = PBXContainerItemProxy;
			containerPortal = D5B43F001A97F0F900C5EE33 /* Project object */;
			proxyType = 1;
			remoteGlobalIDString = D5B43F071A97F0F900C5EE33;
			remoteInfo = PrincipioEmSwift;
		};
/* End PBXContainerItemProxy section */

/* Begin PBXFileReference section */
		D5B43F081A97F0F900C5EE33 /* PrincipioEmSwift.app */ = {isa = PBXFileReference; explicitFileType = wrapper.application; includeInIndex = 0; path = PrincipioEmSwift.app; sourceTree = BUILT_PRODUCTS_DIR; };
		D5B43F0C1A97F0F900C5EE33 /* Info.plist */ = {isa = PBXFileReference; lastKnownFileType = text.plist.xml; path = Info.plist; sourceTree = "<group>"; };
		D5B43F0D1A97F0F900C5EE33 /* AppDelegate.swift */ = {isa = PBXFileReference; lastKnownFileType = sourcecode.swift; path = AppDelegate.swift; sourceTree = "<group>"; };
		D5B43F0F1A97F0F900C5EE33 /* ViewController.swift */ = {isa = PBXFileReference; lastKnownFileType = sourcecode.swift; path = ViewController.swift; sourceTree = "<group>"; xcLanguageSpecificationIdentifier = xcode.lang.swift; };
		D5B43F121A97F0F900C5EE33 /* Base */ = {isa = PBXFileReference; lastKnownFileType = file.storyboard; name = Base; path = Base.lproj/Main.storyboard; sourceTree = "<group>"; };
		D5B43F141A97F0F900C5EE33 /* Images.xcassets */ = {isa = PBXFileReference; lastKnownFileType = folder.assetcatalog; path = Images.xcassets; sourceTree = "<group>"; };
		D5B43F171A97F0F900C5EE33 /* Base */ = {isa = PBXFileReference; lastKnownFileType = file.xib; name = Base; path = Base.lproj/LaunchScreen.xib; sourceTree = "<group>"; };
		D5B43F1D1A97F0F900C5EE33 /* PrincipioEmSwiftTests.xctest */ = {isa = PBXFileReference; explicitFileType = wrapper.cfbundle; includeInIndex = 0; path = PrincipioEmSwiftTests.xctest; sourceTree = BUILT_PRODUCTS_DIR; };
		D5B43F221A97F0F900C5EE33 /* Info.plist */ = {isa = PBXFileReference; lastKnownFileType = text.plist.xml; path = Info.plist; sourceTree = "<group>"; };
		D5B43F231A97F0F900C5EE33 /* PrincipioEmSwiftTests.swift */ = {isa = PBXFileReference; lastKnownFileType = sourcecode.swift; path = PrincipioEmSwiftTests.swift; sourceTree = "<group>"; };
		D5B43F2F1A9856DF00C5EE33 /* FuncExercicio4.swift */ = {isa = PBXFileReference; fileEncoding = 4; lastKnownFileType = sourcecode.swift; path = FuncExercicio4.swift; sourceTree = "<group>"; };
/* End PBXFileReference section */

/* Begin PBXFrameworksBuildPhase section */
		D5B43F051A97F0F900C5EE33 /* Frameworks */ = {
			isa = PBXFrameworksBuildPhase;
			buildActionMask = 2147483647;
			files = (
			);
			runOnlyForDeploymentPostprocessing = 0;
		};
		D5B43F1A1A97F0F900C5EE33 /* Frameworks */ = {
			isa = PBXFrameworksBuildPhase;
			buildActionMask = 2147483647;
			files = (
			);
			runOnlyForDeploymentPostprocessing = 0;
		};
/* End PBXFrameworksBuildPhase section */

/* Begin PBXGroup section */
		D5B43EFF1A97F0F900C5EE33 = {
			isa = PBXGroup;
			children = (
				D5B43F0A1A97F0F900C5EE33 /* PrincipioEmSwift */,
				D5B43F201A97F0F900C5EE33 /* PrincipioEmSwiftTests */,
				D5B43F091A97F0F900C5EE33 /* Products */,
			);
			sourceTree = "<group>";
		};
		D5B43F091A97F0F900C5EE33 /* Products */ = {
			isa = PBXGroup;
			children = (
				D5B43F081A97F0F900C5EE33 /* PrincipioEmSwift.app */,
				D5B43F1D1A97F0F900C5EE33 /* PrincipioEmSwiftTests.xctest */,
			);
			name = Products;
			sourceTree = "<group>";
		};
		D5B43F0A1A97F0F900C5EE33 /* PrincipioEmSwift */ = {
			isa = PBXGroup;
			children = (
				D5B43F0D1A97F0F900C5EE33 /* AppDelegate.swift */,
				D5B43F0F1A97F0F900C5EE33 /* ViewController.swift */,
				D5B43F111A97F0F900C5EE33 /* Main.storyboard */,
				D5B43F141A97F0F900C5EE33 /* Images.xcassets */,
				D5B43F161A97F0F900C5EE33 /* LaunchScreen.xib */,
				D5B43F0B1A97F0F900C5EE33 /* Supporting Files */,
				D5B43F2F1A9856DF00C5EE33 /* FuncExercicio4.swift */,
			);
			path = PrincipioEmSwift;
			sourceTree = "<group>";
		};
		D5B43F0B1A97F0F900C5EE33 /* Supporting Files */ = {
			isa = PBXGroup;
			children = (
				D5B43F0C1A97F0F900C5EE33 /* Info.plist */,
			);
			name = "Supporting Files";
			sourceTree = "<group>";
		};
		D5B43F201A97F0F900C5EE33 /* PrincipioEmSwiftTests */ = {
			isa = PBXGroup;
			children = (
				D5B43F231A97F0F900C5EE33 /* PrincipioEmSwiftTests.swift */,
				D5B43F211A97F0F900C5EE33 /* Supporting Files */,
			);
			path = PrincipioEmSwiftTests;
			sourceTree = "<group>";
		};
		D5B43F211A97F0F900C5EE33 /* Supporting Files */ = {
			isa = PBXGroup;
			children = (
				D5B43F221A97F0F900C5EE33 /* Info.plist */,
			);
			name = "Supporting Files";
			sourceTree = "<group>";
		};
/* End PBXGroup section */

/* Begin PBXNativeTarget section */
		D5B43F071A97F0F900C5EE33 /* PrincipioEmSwift */ = {
			isa = PBXNativeTarget;
			buildConfigurationList = D5B43F271A97F0F900C5EE33 /* Build configuration list for PBXNativeTarget "PrincipioEmSwift" */;
			buildPhases = (
				D5B43F041A97F0F900C5EE33 /* Sources */,
				D5B43F051A97F0F900C5EE33 /* Frameworks */,
				D5B43F061A97F0F900C5EE33 /* Resources */,
			);
			buildRules = (
			);
			dependencies = (
			);
			name = PrincipioEmSwift;
			productName = PrincipioEmSwift;
			productReference = D5B43F081A97F0F900C5EE33 /* PrincipioEmSwift.app */;
			productType = "com.apple.product-type.application";
		};
		D5B43F1C1A97F0F900C5EE33 /* PrincipioEmSwiftTests */ = {
			isa = PBXNativeTarget;
			buildConfigurationList = D5B43F2A1A97F0F900C5EE33 /* Build configuration list for PBXNativeTarget "PrincipioEmSwiftTests" */;
			buildPhases = (
				D5B43F191A97F0F900C5EE33 /* Sources */,
				D5B43F1A1A97F0F900C5EE33 /* Frameworks */,
				D5B43F1B1A97F0F900C5EE33 /* Resources */,
			);
			buildRules = (
			);
			dependencies = (
				D5B43F1F1A97F0F900C5EE33 /* PBXTargetDependency */,
			);
			name = PrincipioEmSwiftTests;
			productName = PrincipioEmSwiftTests;
			productReference = D5B43F1D1A97F0F900C5EE33 /* PrincipioEmSwiftTests.xctest */;
			productType = "com.apple.product-type.bundle.unit-test";
		};
/* End PBXNativeTarget section */

/* Begin PBXProject section */
		D5B43F001A97F0F900C5EE33 /* Project object */ = {
			isa = PBXProject;
			attributes = {
				LastUpgradeCheck = 0610;
				ORGANIZATIONNAME = "Henrique Santos";
				TargetAttributes = {
					D5B43F071A97F0F900C5EE33 = {
						CreatedOnToolsVersion = 6.1.1;
					};
					D5B43F1C1A97F0F900C5EE33 = {
						CreatedOnToolsVersion = 6.1.1;
						TestTargetID = D5B43F071A97F0F900C5EE33;
					};
				};
			};
			buildConfigurationList = D5B43F031A97F0F900C5EE33 /* Build configuration list for PBXProject "PrincipioEmSwift" */;
			compatibilityVersion = "Xcode 3.2";
			developmentRegion = English;
			hasScannedForEncodings = 0;
			knownRegions = (
				en,
				Base,
			);
			mainGroup = D5B43EFF1A97F0F900C5EE33;
			productRefGroup = D5B43F091A97F0F900C5EE33 /* Products */;
			projectDirPath = "";
			projectRoot = "";
			targets = (
				D5B43F071A97F0F900C5EE33 /* PrincipioEmSwift */,
				D5B43F1C1A97F0F900C5EE33 /* PrincipioEmSwiftTests */,
			);
		};
/* End PBXProject section */

/* Begin PBXResourcesBuildPhase section */
		D5B43F061A97F0F900C5EE33 /* Resources */ = {
			isa = PBXResourcesBuildPhase;
			buildActionMask = 2147483647;
			files = (
				D5B43F131A97F0F900C5EE33 /* Main.storyboard in Resources */,
				D5B43F181A97F0F900C5EE33 /* LaunchScreen.xib in Resources */,
				D5B43F151A97F0F900C5EE33 /* Images.xcassets in Resources */,
			);
			runOnlyForDeploymentPostprocessing = 0;
		};
		D5B43F1B1A97F0F900C5EE33 /* Resources */ = {
			isa = PBXResourcesBuildPhase;
			buildActionMask = 2147483647;
			files = (
			);
			runOnlyForDeploymentPostprocessing = 0;
		};
/* End PBXResourcesBuildPhase section */

/* Begin PBXSourcesBuildPhase section */
		D5B43F041A97F0F900C5EE33 /* Sources */ = {
			isa = PBXSourcesBuildPhase;
			buildActionMask = 2147483647;
			files = (
				D5B43F301A9856DF00C5EE33 /* FuncExercicio4.swift in Sources */,
				D5B43F101A97F0F900C5EE33 /* ViewController.swift in Sources */,
				D5B43F0E1A97F0F900C5EE33 /* AppDelegate.swift in Sources */,
			);
			runOnlyForDeploymentPostprocessing = 0;
		};
		D5B43F191A97F0F900C5EE33 /* Sources */ = {
			isa = PBXSourcesBuildPhase;
			buildActionMask = 2147483647;
			files = (
				D5B43F241A97F0F900C5EE33 /* PrincipioEmSwiftTests.swift in Sources */,
			);
			runOnlyForDeploymentPostprocessing = 0;
		};
/* End PBXSourcesBuildPhase section */

/* Begin PBXTargetDependency section */
		D5B43F1F1A97F0F900C5EE33 /* PBXTargetDependency */ = {
			isa = PBXTargetDependency;
			target = D5B43F071A97F0F900C5EE33 /* PrincipioEmSwift */;
			targetProxy = D5B43F1E1A97F0F900C5EE33 /* PBXContainerItemProxy */;
		};
/* End PBXTargetDependency section */

/* Begin PBXVariantGroup section */
		D5B43F111A97F0F900C5EE33 /* Main.storyboard */ = {
			isa = PBXVariantGroup;
			children = (
				D5B43F121A97F0F900C5EE33 /* Base */,
			);
			name = Main.storyboard;
			sourceTree = "<group>";
		};
		D5B43F161A97F0F900C5EE33 /* LaunchScreen.xib */ = {
			isa = PBXVariantGroup;
			children = (
				D5B43F171A97F0F900C5EE33 /* Base */,
			);
			name = LaunchScreen.xib;
			sourceTree = "<group>";
		};
/* End PBXVariantGroup section */

/* Begin XCBuildConfiguration section */
		D5B43F251A97F0F900C5EE33 /* Debug */ = {
			isa = XCBuildConfiguration;
			buildSettings = {
				ALWAYS_SEARCH_USER_PATHS = NO;
				CLANG_CXX_LANGUAGE_STANDARD = "gnu++0x";
				CLANG_CXX_LIBRARY = "libc++";
				CLANG_ENABLE_MODULES = YES;
				CLANG_ENABLE_OBJC_ARC = YES;
				CLANG_WARN_BOOL_CONVERSION = YES;
				CLANG_WARN_CONSTANT_CONVERSION = YES;
				CLANG_WARN_DIRECT_OBJC_ISA_USAGE = YES_ERROR;
				CLANG_WARN_EMPTY_BODY = YES;
				CLANG_WARN_ENUM_CONVERSION = YES;
				CLANG_WARN_INT_CONVERSION = YES;
				CLANG_WARN_OBJC_ROOT_CLASS = YES_ERROR;
				CLANG_WARN_UNREACHABLE_CODE = YES;
				CLANG_WARN__DUPLICATE_METHOD_MATCH = YES;
				"CODE_SIGN_IDENTITY[sdk=iphoneos*]" = "iPhone Developer";
				COPY_PHASE_STRIP = NO;
				ENABLE_STRICT_OBJC_MSGSEND = YES;
				GCC_C_LANGUAGE_STANDARD = gnu99;
				GCC_DYNAMIC_NO_PIC = NO;
				GCC_OPTIMIZATION_LEVEL = 0;
				GCC_PREPROCESSOR_DEFINITIONS = (
					"DEBUG=1",
					"$(inherited)",
				);
				GCC_SYMBOLS_PRIVATE_EXTERN = NO;
				GCC_WARN_64_TO_32_BIT_CONVERSION = YES;
				GCC_WARN_ABOUT_RETURN_TYPE = YES_ERROR;
				GCC_WARN_UNDECLARED_SELECTOR = YES;
				GCC_WARN_UNINITIALIZED_AUTOS = YES_AGGRESSIVE;
				GCC_WARN_UNUSED_FUNCTION = YES;
				GCC_WARN_UNUSED_VARIABLE = YES;
				IPHONEOS_DEPLOYMENT_TARGET = 8.1;
				MTL_ENABLE_DEBUG_INFO = YES;
				ONLY_ACTIVE_ARCH = YES;
				SDKROOT = iphoneos;
				SWIFT_OPTIMIZATION_LEVEL = "-Onone";
				TARGETED_DEVICE_FAMILY = "1,2";
			};
			name = Debug;
		};
		D5B43F261A97F0F900C5EE33 /* Release */ = {
			isa = XCBuildConfiguration;
			buildSettings = {
				ALWAYS_SEARCH_USER_PATHS = NO;
				CLANG_CXX_LANGUAGE_STANDARD = "gnu++0x";
				CLANG_CXX_LIBRARY = "libc++";
				CLANG_ENABLE_MODULES = YES;
				CLANG_ENABLE_OBJC_ARC = YES;
				CLANG_WARN_BOOL_CONVERSION = YES;
				CLANG_WARN_CONSTANT_CONVERSION = YES;
				CLANG_WARN_DIRECT_OBJC_ISA_USAGE = YES_ERROR;
				CLANG_WARN_EMPTY_BODY = YES;
				CLANG_WARN_ENUM_CONVERSION = YES;
				CLANG_WARN_INT_CONVERSION = YES;
				CLANG_WARN_OBJC_ROOT_CLASS = YES_ERROR;
				CLANG_WARN_UNREACHABLE_CODE = YES;
				CLANG_WARN__DUPLICATE_METHOD_MATCH = YES;
				"CODE_SIGN_IDENTITY[sdk=iphoneos*]" = "iPhone Developer";
				COPY_PHASE_STRIP = YES;
				ENABLE_NS_ASSERTIONS = NO;
				ENABLE_STRICT_OBJC_MSGSEND = YES;
				GCC_C_LANGUAGE_STANDARD = gnu99;
				GCC_WARN_64_TO_32_BIT_CONVERSION = YES;
				GCC_WARN_ABOUT_RETURN_TYPE = YES_ERROR;
				GCC_WARN_UNDECLARED_SELECTOR = YES;
				GCC_WARN_UNINITIALIZED_AUTOS = YES_AGGRESSIVE;
				GCC_WARN_UNUSED_FUNCTION = YES;
				GCC_WARN_UNUSED_VARIABLE = YES;
				IPHONEOS_DEPLOYMENT_TARGET = 8.1;
				MTL_ENABLE_DEBUG_INFO = NO;
				SDKROOT = iphoneos;
				TARGETED_DEVICE_FAMILY = "1,2";
				VALIDATE_PRODUCT = YES;
			};
			name = Release;
		};
		D5B43F281A97F0F900C5EE33 /* Debug */ = {
			isa = XCBuildConfiguration;
			buildSettings = {
				ASSETCATALOG_COMPILER_APPICON_NAME = AppIcon;
				INFOPLIST_FILE = PrincipioEmSwift/Info.plist;
				LD_RUNPATH_SEARCH_PATHS = "$(inherited) @executable_path/Frameworks";
				PRODUCT_NAME = "$(TARGET_NAME)";
			};
			name = Debug;
		};
		D5B43F291A97F0F900C5EE33 /* Release */ = {
			isa = XCBuildConfiguration;
			buildSettings = {
				ASSETCATALOG_COMPILER_APPICON_NAME = AppIcon;
				INFOPLIST_FILE = PrincipioEmSwift/Info.plist;
				LD_RUNPATH_SEARCH_PATHS = "$(inherited) @executable_path/Frameworks";
				PRODUCT_NAME = "$(TARGET_NAME)";
			};
			name = Release;
		};
		D5B43F2B1A97F0F900C5EE33 /* Debug */ = {
			isa = XCBuildConfiguration;
			buildSettings = {
				BUNDLE_LOADER = "$(TEST_HOST)";
				FRAMEWORK_SEARCH_PATHS = (
					"$(SDKROOT)/Developer/Library/Frameworks",
					"$(inherited)",
				);
				GCC_PREPROCESSOR_DEFINITIONS = (
					"DEBUG=1",
					"$(inherited)",
				);
				INFOPLIST_FILE = PrincipioEmSwiftTests/Info.plist;
				LD_RUNPATH_SEARCH_PATHS = "$(inherited) @executable_path/Frameworks @loader_path/Frameworks";
				PRODUCT_NAME = "$(TARGET_NAME)";
				TEST_HOST = "$(BUILT_PRODUCTS_DIR)/PrincipioEmSwift.app/PrincipioEmSwift";
			};
			name = Debug;
		};
		D5B43F2C1A97F0F900C5EE33 /* Release */ = {
			isa = XCBuildConfiguration;
			buildSettings = {
				BUNDLE_LOADER = "$(TEST_HOST)";
				FRAMEWORK_SEARCH_PATHS = (
					"$(SDKROOT)/Developer/Library/Frameworks",
					"$(inherited)",
				);
				INFOPLIST_FILE = PrincipioEmSwiftTests/Info.plist;
				LD_RUNPATH_SEARCH_PATHS = "$(inherited) @executable_path/Frameworks @loader_path/Frameworks";
				PRODUCT_NAME = "$(TARGET_NAME)";
				TEST_HOST = "$(BUILT_PRODUCTS_DIR)/PrincipioEmSwift.app/PrincipioEmSwift";
			};
			name = Release;
		};
/* End XCBuildConfiguration section */

/* Begin XCConfigurationList section */
		D5B43F031A97F0F900C5EE33 /* Build configuration list for PBXProject "PrincipioEmSwift" */ = {
			isa = XCConfigurationList;
			buildConfigurations = (
				D5B43F251A97F0F900C5EE33 /* Debug */,
				D5B43F261A97F0F900C5EE33 /* Release */,
			);
			defaultConfigurationIsVisible = 0;
			defaultConfigurationName = Release;
		};
		D5B43F271A97F0F900C5EE33 /* Build configuration list for PBXNativeTarget "PrincipioEmSwift" */ = {
			isa = XCConfigurationList;
			buildConfigurations = (
				D5B43F281A97F0F900C5EE33 /* Debug */,
				D5B43F291A97F0F900C5EE33 /* Release */,
			);
			defaultConfigurationIsVisible = 0;
			defaultConfigurationName = Release;
		};
		D5B43F2A1A97F0F900C5EE33 /* Build configuration list for PBXNativeTarget "PrincipioEmSwiftTests" */ = {
			isa = XCConfigurationList;
			buildConfigurations = (
				D5B43F2B1A97F0F900C5EE33 /* Debug */,
				D5B43F2C1A97F0F900C5EE33 /* Release */,
			);
			defaultConfigurationIsVisible = 0;
			defaultConfigurationName = Release;
		};
/* End XCConfigurationList section */
	};
	rootObject = D5B43F001A97F0F900C5EE33 /* Project object */;
}
