// !$*UTF8*$!
{
	archiveVersion = 1;
	classes = {
	};
	objectVersion = 46;
	objects = {

/* Begin PBXBuildFile section */
		A61197D81A590B80007E00BC /* AppDelegate.swift in Sources */ = {isa = PBXBuildFile; fileRef = A61197D71A590B80007E00BC /* AppDelegate.swift */; };
		A61197DA1A590B80007E00BC /* ViewController.swift in Sources */ = {isa = PBXBuildFile; fileRef = A61197D91A590B80007E00BC /* ViewController.swift */; };
		A61197DD1A590B80007E00BC /* Main.storyboard in Resources */ = {isa = PBXBuildFile; fileRef = A61197DB1A590B80007E00BC /* Main.storyboard */; };
		A61197DF1A590B80007E00BC /* Images.xcassets in Resources */ = {isa = PBXBuildFile; fileRef = A61197DE1A590B80007E00BC /* Images.xcassets */; };
		A61197E21A590B80007E00BC /* LaunchScreen.xib in Resources */ = {isa = PBXBuildFile; fileRef = A61197E01A590B80007E00BC /* LaunchScreen.xib */; };
		A61197EE1A590B80007E00BC /* EXLinguagemSwift03Tests.swift in Sources */ = {isa = PBXBuildFile; fileRef = A61197ED1A590B80007E00BC /* EXLinguagemSwift03Tests.swift */; };
/* End PBXBuildFile section */

/* Begin PBXContainerItemProxy section */
		A61197E81A590B80007E00BC /* PBXContainerItemProxy */ = {
			isa = PBXContainerItemProxy;
			containerPortal = A61197CA1A590B80007E00BC /* Project object */;
			proxyType = 1;
			remoteGlobalIDString = A61197D11A590B80007E00BC;
			remoteInfo = EXLinguagemSwift03;
		};
/* End PBXContainerItemProxy section */

/* Begin PBXFileReference section */
		A61197D21A590B80007E00BC /* EXLinguagemSwift03.app */ = {isa = PBXFileReference; explicitFileType = wrapper.application; includeInIndex = 0; path = EXLinguagemSwift03.app; sourceTree = BUILT_PRODUCTS_DIR; };
		A61197D61A590B80007E00BC /* Info.plist */ = {isa = PBXFileReference; lastKnownFileType = text.plist.xml; path = Info.plist; sourceTree = "<group>"; };
		A61197D71A590B80007E00BC /* AppDelegate.swift */ = {isa = PBXFileReference; lastKnownFileType = sourcecode.swift; path = AppDelegate.swift; sourceTree = "<group>"; };
		A61197D91A590B80007E00BC /* ViewController.swift */ = {isa = PBXFileReference; lastKnownFileType = sourcecode.swift; path = ViewController.swift; sourceTree = "<group>"; };
		A61197DC1A590B80007E00BC /* Base */ = {isa = PBXFileReference; lastKnownFileType = file.storyboard; name = Base; path = Base.lproj/Main.storyboard; sourceTree = "<group>"; };
		A61197DE1A590B80007E00BC /* Images.xcassets */ = {isa = PBXFileReference; lastKnownFileType = folder.assetcatalog; path = Images.xcassets; sourceTree = "<group>"; };
		A61197E11A590B80007E00BC /* Base */ = {isa = PBXFileReference; lastKnownFileType = file.xib; name = Base; path = Base.lproj/LaunchScreen.xib; sourceTree = "<group>"; };
		A61197E71A590B80007E00BC /* EXLinguagemSwift03Tests.xctest */ = {isa = PBXFileReference; explicitFileType = wrapper.cfbundle; includeInIndex = 0; path = EXLinguagemSwift03Tests.xctest; sourceTree = BUILT_PRODUCTS_DIR; };
		A61197EC1A590B80007E00BC /* Info.plist */ = {isa = PBXFileReference; lastKnownFileType = text.plist.xml; path = Info.plist; sourceTree = "<group>"; };
		A61197ED1A590B80007E00BC /* EXLinguagemSwift03Tests.swift */ = {isa = PBXFileReference; lastKnownFileType = sourcecode.swift; path = EXLinguagemSwift03Tests.swift; sourceTree = "<group>"; };
/* End PBXFileReference section */

/* Begin PBXFrameworksBuildPhase section */
		A61197CF1A590B80007E00BC /* Frameworks */ = {
			isa = PBXFrameworksBuildPhase;
			buildActionMask = 2147483647;
			files = (
			);
			runOnlyForDeploymentPostprocessing = 0;
		};
		A61197E41A590B80007E00BC /* Frameworks */ = {
			isa = PBXFrameworksBuildPhase;
			buildActionMask = 2147483647;
			files = (
			);
			runOnlyForDeploymentPostprocessing = 0;
		};
/* End PBXFrameworksBuildPhase section */

/* Begin PBXGroup section */
		A61197C91A590B80007E00BC = {
			isa = PBXGroup;
			children = (
				A61197D41A590B80007E00BC /* EXLinguagemSwift03 */,
				A61197EA1A590B80007E00BC /* EXLinguagemSwift03Tests */,
				A61197D31A590B80007E00BC /* Products */,
			);
			sourceTree = "<group>";
		};
		A61197D31A590B80007E00BC /* Products */ = {
			isa = PBXGroup;
			children = (
				A61197D21A590B80007E00BC /* EXLinguagemSwift03.app */,
				A61197E71A590B80007E00BC /* EXLinguagemSwift03Tests.xctest */,
			);
			name = Products;
			sourceTree = "<group>";
		};
		A61197D41A590B80007E00BC /* EXLinguagemSwift03 */ = {
			isa = PBXGroup;
			children = (
				A61197D71A590B80007E00BC /* AppDelegate.swift */,
				A61197D91A590B80007E00BC /* ViewController.swift */,
				A61197DB1A590B80007E00BC /* Main.storyboard */,
				A61197DE1A590B80007E00BC /* Images.xcassets */,
				A61197E01A590B80007E00BC /* LaunchScreen.xib */,
				A61197D51A590B80007E00BC /* Supporting Files */,
			);
			path = EXLinguagemSwift03;
			sourceTree = "<group>";
		};
		A61197D51A590B80007E00BC /* Supporting Files */ = {
			isa = PBXGroup;
			children = (
				A61197D61A590B80007E00BC /* Info.plist */,
			);
			name = "Supporting Files";
			sourceTree = "<group>";
		};
		A61197EA1A590B80007E00BC /* EXLinguagemSwift03Tests */ = {
			isa = PBXGroup;
			children = (
				A61197ED1A590B80007E00BC /* EXLinguagemSwift03Tests.swift */,
				A61197EB1A590B80007E00BC /* Supporting Files */,
			);
			path = EXLinguagemSwift03Tests;
			sourceTree = "<group>";
		};
		A61197EB1A590B80007E00BC /* Supporting Files */ = {
			isa = PBXGroup;
			children = (
				A61197EC1A590B80007E00BC /* Info.plist */,
			);
			name = "Supporting Files";
			sourceTree = "<group>";
		};
/* End PBXGroup section */

/* Begin PBXNativeTarget section */
		A61197D11A590B80007E00BC /* EXLinguagemSwift03 */ = {
			isa = PBXNativeTarget;
			buildConfigurationList = A61197F11A590B80007E00BC /* Build configuration list for PBXNativeTarget "EXLinguagemSwift03" */;
			buildPhases = (
				A61197CE1A590B80007E00BC /* Sources */,
				A61197CF1A590B80007E00BC /* Frameworks */,
				A61197D01A590B80007E00BC /* Resources */,
			);
			buildRules = (
			);
			dependencies = (
			);
			name = EXLinguagemSwift03;
			productName = EXLinguagemSwift03;
			productReference = A61197D21A590B80007E00BC /* EXLinguagemSwift03.app */;
			productType = "com.apple.product-type.application";
		};
		A61197E61A590B80007E00BC /* EXLinguagemSwift03Tests */ = {
			isa = PBXNativeTarget;
			buildConfigurationList = A61197F41A590B80007E00BC /* Build configuration list for PBXNativeTarget "EXLinguagemSwift03Tests" */;
			buildPhases = (
				A61197E31A590B80007E00BC /* Sources */,
				A61197E41A590B80007E00BC /* Frameworks */,
				A61197E51A590B80007E00BC /* Resources */,
			);
			buildRules = (
			);
			dependencies = (
				A61197E91A590B80007E00BC /* PBXTargetDependency */,
			);
			name = EXLinguagemSwift03Tests;
			productName = EXLinguagemSwift03Tests;
			productReference = A61197E71A590B80007E00BC /* EXLinguagemSwift03Tests.xctest */;
			productType = "com.apple.product-type.bundle.unit-test";
		};
/* End PBXNativeTarget section */

/* Begin PBXProject section */
		A61197CA1A590B80007E00BC /* Project object */ = {
			isa = PBXProject;
			attributes = {
				LastUpgradeCheck = 0610;
				ORGANIZATIONNAME = Softblue;
				TargetAttributes = {
					A61197D11A590B80007E00BC = {
						CreatedOnToolsVersion = 6.1.1;
					};
					A61197E61A590B80007E00BC = {
						CreatedOnToolsVersion = 6.1.1;
						TestTargetID = A61197D11A590B80007E00BC;
					};
				};
			};
			buildConfigurationList = A61197CD1A590B80007E00BC /* Build configuration list for PBXProject "EXLinguagemSwift03" */;
			compatibilityVersion = "Xcode 3.2";
			developmentRegion = English;
			hasScannedForEncodings = 0;
			knownRegions = (
				en,
				Base,
			);
			mainGroup = A61197C91A590B80007E00BC;
			productRefGroup = A61197D31A590B80007E00BC /* Products */;
			projectDirPath = "";
			projectRoot = "";
			targets = (
				A61197D11A590B80007E00BC /* EXLinguagemSwift03 */,
				A61197E61A590B80007E00BC /* EXLinguagemSwift03Tests */,
			);
		};
/* End PBXProject section */

/* Begin PBXResourcesBuildPhase section */
		A61197D01A590B80007E00BC /* Resources */ = {
			isa = PBXResourcesBuildPhase;
			buildActionMask = 2147483647;
			files = (
				A61197DD1A590B80007E00BC /* Main.storyboard in Resources */,
				A61197E21A590B80007E00BC /* LaunchScreen.xib in Resources */,
				A61197DF1A590B80007E00BC /* Images.xcassets in Resources */,
			);
			runOnlyForDeploymentPostprocessing = 0;
		};
		A61197E51A590B80007E00BC /* Resources */ = {
			isa = PBXResourcesBuildPhase;
			buildActionMask = 2147483647;
			files = (
			);
			runOnlyForDeploymentPostprocessing = 0;
		};
/* End PBXResourcesBuildPhase section */

/* Begin PBXSourcesBuildPhase section */
		A61197CE1A590B80007E00BC /* Sources */ = {
			isa = PBXSourcesBuildPhase;
			buildActionMask = 2147483647;
			files = (
				A61197DA1A590B80007E00BC /* ViewController.swift in Sources */,
				A61197D81A590B80007E00BC /* AppDelegate.swift in Sources */,
			);
			runOnlyForDeploymentPostprocessing = 0;
		};
		A61197E31A590B80007E00BC /* Sources */ = {
			isa = PBXSourcesBuildPhase;
			buildActionMask = 2147483647;
			files = (
				A61197EE1A590B80007E00BC /* EXLinguagemSwift03Tests.swift in Sources */,
			);
			runOnlyForDeploymentPostprocessing = 0;
		};
/* End PBXSourcesBuildPhase section */

/* Begin PBXTargetDependency section */
		A61197E91A590B80007E00BC /* PBXTargetDependency */ = {
			isa = PBXTargetDependency;
			target = A61197D11A590B80007E00BC /* EXLinguagemSwift03 */;
			targetProxy = A61197E81A590B80007E00BC /* PBXContainerItemProxy */;
		};
/* End PBXTargetDependency section */

/* Begin PBXVariantGroup section */
		A61197DB1A590B80007E00BC /* Main.storyboard */ = {
			isa = PBXVariantGroup;
			children = (
				A61197DC1A590B80007E00BC /* Base */,
			);
			name = Main.storyboard;
			sourceTree = "<group>";
		};
		A61197E01A590B80007E00BC /* LaunchScreen.xib */ = {
			isa = PBXVariantGroup;
			children = (
				A61197E11A590B80007E00BC /* Base */,
			);
			name = LaunchScreen.xib;
			sourceTree = "<group>";
		};
/* End PBXVariantGroup section */

/* Begin XCBuildConfiguration section */
		A61197EF1A590B80007E00BC /* Debug */ = {
			isa = XCBuildConfiguration;
			buildSettings = {
				ALWAYS_SEARCH_USER_PATHS = NO;
				CLANG_CXX_LANGUAGE_STANDARD = "gnu++0x";
				CLANG_CXX_LIBRARY = "libc++";
				CLANG_ENABLE_MODULES = YES;
				CLANG_ENABLE_OBJC_ARC = YES;
				CLANG_WARN_BOOL_CONVERSION = YES;
				CLANG_WARN_CONSTANT_CONVERSION = YES;
				CLANG_WARN_DIRECT_OBJC_ISA_USAGE = YES_ERROR;
				CLANG_WARN_EMPTY_BODY = YES;
				CLANG_WARN_ENUM_CONVERSION = YES;
				CLANG_WARN_INT_CONVERSION = YES;
				CLANG_WARN_OBJC_ROOT_CLASS = YES_ERROR;
				CLANG_WARN_UNREACHABLE_CODE = YES;
				CLANG_WARN__DUPLICATE_METHOD_MATCH = YES;
				"CODE_SIGN_IDENTITY[sdk=iphoneos*]" = "iPhone Developer";
				COPY_PHASE_STRIP = NO;
				ENABLE_STRICT_OBJC_MSGSEND = YES;
				GCC_C_LANGUAGE_STANDARD = gnu99;
				GCC_DYNAMIC_NO_PIC = NO;
				GCC_OPTIMIZATION_LEVEL = 0;
				GCC_PREPROCESSOR_DEFINITIONS = (
					"DEBUG=1",
					"$(inherited)",
				);
				GCC_SYMBOLS_PRIVATE_EXTERN = NO;
				GCC_WARN_64_TO_32_BIT_CONVERSION = YES;
				GCC_WARN_ABOUT_RETURN_TYPE = YES_ERROR;
				GCC_WARN_UNDECLARED_SELECTOR = YES;
				GCC_WARN_UNINITIALIZED_AUTOS = YES_AGGRESSIVE;
				GCC_WARN_UNUSED_FUNCTION = YES;
				GCC_WARN_UNUSED_VARIABLE = YES;
				IPHONEOS_DEPLOYMENT_TARGET = 8.1;
				MTL_ENABLE_DEBUG_INFO = YES;
				ONLY_ACTIVE_ARCH = YES;
				SDKROOT = iphoneos;
				SWIFT_OPTIMIZATION_LEVEL = "-Onone";
				TARGETED_DEVICE_FAMILY = "1,2";
			};
			name = Debug;
		};
		A61197F01A590B80007E00BC /* Release */ = {
			isa = XCBuildConfiguration;
			buildSettings = {
				ALWAYS_SEARCH_USER_PATHS = NO;
				CLANG_CXX_LANGUAGE_STANDARD = "gnu++0x";
				CLANG_CXX_LIBRARY = "libc++";
				CLANG_ENABLE_MODULES = YES;
				CLANG_ENABLE_OBJC_ARC = YES;
				CLANG_WARN_BOOL_CONVERSION = YES;
				CLANG_WARN_CONSTANT_CONVERSION = YES;
				CLANG_WARN_DIRECT_OBJC_ISA_USAGE = YES_ERROR;
				CLANG_WARN_EMPTY_BODY = YES;
				CLANG_WARN_ENUM_CONVERSION = YES;
				CLANG_WARN_INT_CONVERSION = YES;
				CLANG_WARN_OBJC_ROOT_CLASS = YES_ERROR;
				CLANG_WARN_UNREACHABLE_CODE = YES;
				CLANG_WARN__DUPLICATE_METHOD_MATCH = YES;
				"CODE_SIGN_IDENTITY[sdk=iphoneos*]" = "iPhone Developer";
				COPY_PHASE_STRIP = YES;
				ENABLE_NS_ASSERTIONS = NO;
				ENABLE_STRICT_OBJC_MSGSEND = YES;
				GCC_C_LANGUAGE_STANDARD = gnu99;
				GCC_WARN_64_TO_32_BIT_CONVERSION = YES;
				GCC_WARN_ABOUT_RETURN_TYPE = YES_ERROR;
				GCC_WARN_UNDECLARED_SELECTOR = YES;
				GCC_WARN_UNINITIALIZED_AUTOS = YES_AGGRESSIVE;
				GCC_WARN_UNUSED_FUNCTION = YES;
				GCC_WARN_UNUSED_VARIABLE = YES;
				IPHONEOS_DEPLOYMENT_TARGET = 8.1;
				MTL_ENABLE_DEBUG_INFO = NO;
				SDKROOT = iphoneos;
				TARGETED_DEVICE_FAMILY = "1,2";
				VALIDATE_PRODUCT = YES;
			};
			name = Release;
		};
		A61197F21A590B80007E00BC /* Debug */ = {
			isa = XCBuildConfiguration;
			buildSettings = {
				ASSETCATALOG_COMPILER_APPICON_NAME = AppIcon;
				INFOPLIST_FILE = EXLinguagemSwift03/Info.plist;
				LD_RUNPATH_SEARCH_PATHS = "$(inherited) @executable_path/Frameworks";
				PRODUCT_NAME = "$(TARGET_NAME)";
			};
			name = Debug;
		};
		A61197F31A590B80007E00BC /* Release */ = {
			isa = XCBuildConfiguration;
			buildSettings = {
				ASSETCATALOG_COMPILER_APPICON_NAME = AppIcon;
				INFOPLIST_FILE = EXLinguagemSwift03/Info.plist;
				LD_RUNPATH_SEARCH_PATHS = "$(inherited) @executable_path/Frameworks";
				PRODUCT_NAME = "$(TARGET_NAME)";
			};
			name = Release;
		};
		A61197F51A590B80007E00BC /* Debug */ = {
			isa = XCBuildConfiguration;
			buildSettings = {
				BUNDLE_LOADER = "$(TEST_HOST)";
				FRAMEWORK_SEARCH_PATHS = (
					"$(SDKROOT)/Developer/Library/Frameworks",
					"$(inherited)",
				);
				GCC_PREPROCESSOR_DEFINITIONS = (
					"DEBUG=1",
					"$(inherited)",
				);
				INFOPLIST_FILE = EXLinguagemSwift03Tests/Info.plist;
				LD_RUNPATH_SEARCH_PATHS = "$(inherited) @executable_path/Frameworks @loader_path/Frameworks";
				PRODUCT_NAME = "$(TARGET_NAME)";
				TEST_HOST = "$(BUILT_PRODUCTS_DIR)/EXLinguagemSwift03.app/EXLinguagemSwift03";
			};
			name = Debug;
		};
		A61197F61A590B80007E00BC /* Release */ = {
			isa = XCBuildConfiguration;
			buildSettings = {
				BUNDLE_LOADER = "$(TEST_HOST)";
				FRAMEWORK_SEARCH_PATHS = (
					"$(SDKROOT)/Developer/Library/Frameworks",
					"$(inherited)",
				);
				INFOPLIST_FILE = EXLinguagemSwift03Tests/Info.plist;
				LD_RUNPATH_SEARCH_PATHS = "$(inherited) @executable_path/Frameworks @loader_path/Frameworks";
				PRODUCT_NAME = "$(TARGET_NAME)";
				TEST_HOST = "$(BUILT_PRODUCTS_DIR)/EXLinguagemSwift03.app/EXLinguagemSwift03";
			};
			name = Release;
		};
/* End XCBuildConfiguration section */

/* Begin XCConfigurationList section */
		A61197CD1A590B80007E00BC /* Build configuration list for PBXProject "EXLinguagemSwift03" */ = {
			isa = XCConfigurationList;
			buildConfigurations = (
				A61197EF1A590B80007E00BC /* Debug */,
				A61197F01A590B80007E00BC /* Release */,
			);
			defaultConfigurationIsVisible = 0;
			defaultConfigurationName = Release;
		};
		A61197F11A590B80007E00BC /* Build configuration list for PBXNativeTarget "EXLinguagemSwift03" */ = {
			isa = XCConfigurationList;
			buildConfigurations = (
				A61197F21A590B80007E00BC /* Debug */,
				A61197F31A590B80007E00BC /* Release */,
			);
			defaultConfigurationIsVisible = 0;
		};
		A61197F41A590B80007E00BC /* Build configuration list for PBXNativeTarget "EXLinguagemSwift03Tests" */ = {
			isa = XCConfigurationList;
			buildConfigurations = (
				A61197F51A590B80007E00BC /* Debug */,
				A61197F61A590B80007E00BC /* Release */,
			);
			defaultConfigurationIsVisible = 0;
		};
/* End XCConfigurationList section */
	};
	rootObject = A61197CA1A590B80007E00BC /* Project object */;
}
